// !$*UTF8*$!
{
	archiveVersion = 1;
	classes = {
	};
	objectVersion = 48;
	objects = {

/* Begin PBXBuildFile section */
		F9D091F21FEB01B30066A21D /* AppDelegate.swift in Sources */ = {isa = PBXBuildFile; fileRef = F9D091F11FEB01B30066A21D /* AppDelegate.swift */; };
		F9D091F41FEB01B30066A21D /* ViewController.swift in Sources */ = {isa = PBXBuildFile; fileRef = F9D091F31FEB01B30066A21D /* ViewController.swift */; };
		F9D091F71FEB01B30066A21D /* Main.storyboard in Resources */ = {isa = PBXBuildFile; fileRef = F9D091F51FEB01B30066A21D /* Main.storyboard */; };
		F9D091F91FEB01B30066A21D /* Assets.xcassets in Resources */ = {isa = PBXBuildFile; fileRef = F9D091F81FEB01B30066A21D /* Assets.xcassets */; };
		F9D091FC1FEB01B30066A21D /* LaunchScreen.storyboard in Resources */ = {isa = PBXBuildFile; fileRef = F9D091FA1FEB01B30066A21D /* LaunchScreen.storyboard */; };
		F9F94F521FEB35AC00BC25D2 /* FoodCollectionViewCell.swift in Sources */ = {isa = PBXBuildFile; fileRef = F9F94F501FEB35AC00BC25D2 /* FoodCollectionViewCell.swift */; };
		F9F94F531FEB35AC00BC25D2 /* FoodCollectionViewCell.xib in Resources */ = {isa = PBXBuildFile; fileRef = F9F94F511FEB35AC00BC25D2 /* FoodCollectionViewCell.xib */; };
		F9F94F551FEB384F00BC25D2 /* collectionDataSource.swift in Sources */ = {isa = PBXBuildFile; fileRef = F9F94F541FEB384F00BC25D2 /* collectionDataSource.swift */; };
		F9F94F5A1FEB802100BC25D2 /* CureCollectionViewCell.swift in Sources */ = {isa = PBXBuildFile; fileRef = F9F94F581FEB802100BC25D2 /* CureCollectionViewCell.swift */; };
		F9F94F5B1FEB802100BC25D2 /* CureCollectionViewCell.xib in Resources */ = {isa = PBXBuildFile; fileRef = F9F94F591FEB802100BC25D2 /* CureCollectionViewCell.xib */; };
/* End PBXBuildFile section */

/* Begin PBXFileReference section */
		F9D091EE1FEB01B30066A21D /* hippieFoodScrollView.app */ = {isa = PBXFileReference; explicitFileType = wrapper.application; includeInIndex = 0; path = hippieFoodScrollView.app; sourceTree = BUILT_PRODUCTS_DIR; };
		F9D091F11FEB01B30066A21D /* AppDelegate.swift */ = {isa = PBXFileReference; lastKnownFileType = sourcecode.swift; path = AppDelegate.swift; sourceTree = "<group>"; };
		F9D091F31FEB01B30066A21D /* ViewController.swift */ = {isa = PBXFileReference; lastKnownFileType = sourcecode.swift; path = ViewController.swift; sourceTree = "<group>"; };
		F9D091F61FEB01B30066A21D /* Base */ = {isa = PBXFileReference; lastKnownFileType = file.storyboard; name = Base; path = Base.lproj/Main.storyboard; sourceTree = "<group>"; };
		F9D091F81FEB01B30066A21D /* Assets.xcassets */ = {isa = PBXFileReference; lastKnownFileType = folder.assetcatalog; path = Assets.xcassets; sourceTree = "<group>"; };
		F9D091FB1FEB01B30066A21D /* Base */ = {isa = PBXFileReference; lastKnownFileType = file.storyboard; name = Base; path = Base.lproj/LaunchScreen.storyboard; sourceTree = "<group>"; };
		F9D091FD1FEB01B30066A21D /* Info.plist */ = {isa = PBXFileReference; lastKnownFileType = text.plist.xml; path = Info.plist; sourceTree = "<group>"; };
		F9F94F501FEB35AC00BC25D2 /* FoodCollectionViewCell.swift */ = {isa = PBXFileReference; lastKnownFileType = sourcecode.swift; path = FoodCollectionViewCell.swift; sourceTree = "<group>"; };
		F9F94F511FEB35AC00BC25D2 /* FoodCollectionViewCell.xib */ = {isa = PBXFileReference; lastKnownFileType = file.xib; path = FoodCollectionViewCell.xib; sourceTree = "<group>"; };
		F9F94F541FEB384F00BC25D2 /* collectionDataSource.swift */ = {isa = PBXFileReference; lastKnownFileType = sourcecode.swift; path = collectionDataSource.swift; sourceTree = "<group>"; };
		F9F94F581FEB802100BC25D2 /* CureCollectionViewCell.swift */ = {isa = PBXFileReference; lastKnownFileType = sourcecode.swift; path = CureCollectionViewCell.swift; sourceTree = "<group>"; };
		F9F94F591FEB802100BC25D2 /* CureCollectionViewCell.xib */ = {isa = PBXFileReference; lastKnownFileType = file.xib; path = CureCollectionViewCell.xib; sourceTree = "<group>"; };
/* End PBXFileReference section */

/* Begin PBXFrameworksBuildPhase section */
		F9D091EB1FEB01B30066A21D /* Frameworks */ = {
			isa = PBXFrameworksBuildPhase;
			buildActionMask = 2147483647;
			files = (
			);
			runOnlyForDeploymentPostprocessing = 0;
		};
/* End PBXFrameworksBuildPhase section */

/* Begin PBXGroup section */
		F9D091E51FEB01B30066A21D = {
			isa = PBXGroup;
			children = (
				F9D091F01FEB01B30066A21D /* hippieFoodScrollView */,
				F9D091EF1FEB01B30066A21D /* Products */,
			);
			sourceTree = "<group>";
		};
		F9D091EF1FEB01B30066A21D /* Products */ = {
			isa = PBXGroup;
			children = (
				F9D091EE1FEB01B30066A21D /* hippieFoodScrollView.app */,
			);
			name = Products;
			sourceTree = "<group>";
		};
		F9D091F01FEB01B30066A21D /* hippieFoodScrollView */ = {
			isa = PBXGroup;
			children = (
				F9D091F11FEB01B30066A21D /* AppDelegate.swift */,
				F9D091F31FEB01B30066A21D /* ViewController.swift */,
				F9D091F51FEB01B30066A21D /* Main.storyboard */,
				F9F94F571FEB386800BC25D2 /* views */,
				F9F94F561FEB385900BC25D2 /* Helper */,
				F9D091F81FEB01B30066A21D /* Assets.xcassets */,
				F9D091FA1FEB01B30066A21D /* LaunchScreen.storyboard */,
				F9D091FD1FEB01B30066A21D /* Info.plist */,
			);
			path = hippieFoodScrollView;
			sourceTree = "<group>";
		};
		F9F94F561FEB385900BC25D2 /* Helper */ = {
			isa = PBXGroup;
			children = (
				F9F94F541FEB384F00BC25D2 /* collectionDataSource.swift */,
			);
			path = Helper;
			sourceTree = "<group>";
		};
		F9F94F571FEB386800BC25D2 /* views */ = {
			isa = PBXGroup;
			children = (
				F9F94F501FEB35AC00BC25D2 /* FoodCollectionViewCell.swift */,
				F9F94F511FEB35AC00BC25D2 /* FoodCollectionViewCell.xib */,
				F9F94F581FEB802100BC25D2 /* CureCollectionViewCell.swift */,
				F9F94F591FEB802100BC25D2 /* CureCollectionViewCell.xib */,
			);
			path = views;
			sourceTree = "<group>";
		};
/* End PBXGroup section */

/* Begin PBXNativeTarget section */
		F9D091ED1FEB01B30066A21D /* hippieFoodScrollView */ = {
			isa = PBXNativeTarget;
			buildConfigurationList = F9D092001FEB01B30066A21D /* Build configuration list for PBXNativeTarget "hippieFoodScrollView" */;
			buildPhases = (
				F9D091EA1FEB01B30066A21D /* Sources */,
				F9D091EB1FEB01B30066A21D /* Frameworks */,
				F9D091EC1FEB01B30066A21D /* Resources */,
			);
			buildRules = (
			);
			dependencies = (
			);
			name = hippieFoodScrollView;
			productName = hippieFoodScrollView;
			productReference = F9D091EE1FEB01B30066A21D /* hippieFoodScrollView.app */;
			productType = "com.apple.product-type.application";
		};
/* End PBXNativeTarget section */

/* Begin PBXProject section */
		F9D091E61FEB01B30066A21D /* Project object */ = {
			isa = PBXProject;
			attributes = {
				LastSwiftUpdateCheck = 0920;
				LastUpgradeCheck = 0920;
				ORGANIZATIONNAME = "Sky Xu";
				TargetAttributes = {
					F9D091ED1FEB01B30066A21D = {
						CreatedOnToolsVersion = 9.2;
						ProvisioningStyle = Automatic;
					};
				};
			};
			buildConfigurationList = F9D091E91FEB01B30066A21D /* Build configuration list for PBXProject "hippieFoodScrollView" */;
			compatibilityVersion = "Xcode 8.0";
			developmentRegion = en;
			hasScannedForEncodings = 0;
			knownRegions = (
				en,
				Base,
			);
			mainGroup = F9D091E51FEB01B30066A21D;
			productRefGroup = F9D091EF1FEB01B30066A21D /* Products */;
			projectDirPath = "";
			projectRoot = "";
			targets = (
				F9D091ED1FEB01B30066A21D /* hippieFoodScrollView */,
			);
		};
/* End PBXProject section */

/* Begin PBXResourcesBuildPhase section */
		F9D091EC1FEB01B30066A21D /* Resources */ = {
			isa = PBXResourcesBuildPhase;
			buildActionMask = 2147483647;
			files = (
				F9D091FC1FEB01B30066A21D /* LaunchScreen.storyboard in Resources */,
				F9D091F91FEB01B30066A21D /* Assets.xcassets in Resources */,
				F9F94F5B1FEB802100BC25D2 /* CureCollectionViewCell.xib in Resources */,
				F9F94F531FEB35AC00BC25D2 /* FoodCollectionViewCell.xib in Resources */,
				F9D091F71FEB01B30066A21D /* Main.storyboard in Resources */,
			);
			runOnlyForDeploymentPostprocessing = 0;
		};
/* End PBXResourcesBuildPhase section */

/* Begin PBXSourcesBuildPhase section */
		F9D091EA1FEB01B30066A21D /* Sources */ = {
			isa = PBXSourcesBuildPhase;
			buildActionMask = 2147483647;
			files = (
				F9F94F5A1FEB802100BC25D2 /* CureCollectionViewCell.swift in Sources */,
				F9F94F551FEB384F00BC25D2 /* collectionDataSource.swift in Sources */,
				F9D091F41FEB01B30066A21D /* ViewController.swift in Sources */,
				F9F94F521FEB35AC00BC25D2 /* FoodCollectionViewCell.swift in Sources */,
				F9D091F21FEB01B30066A21D /* AppDelegate.swift in Sources */,
			);
			runOnlyForDeploymentPostprocessing = 0;
		};
/* End PBXSourcesBuildPhase section */

/* Begin PBXVariantGroup section */
		F9D091F51FEB01B30066A21D /* Main.storyboard */ = {
			isa = PBXVariantGroup;
			children = (
				F9D091F61FEB01B30066A21D /* Base */,
			);
			name = Main.storyboard;
			sourceTree = "<group>";
		};
		F9D091FA1FEB01B30066A21D /* LaunchScreen.storyboard */ = {
			isa = PBXVariantGroup;
			children = (
				F9D091FB1FEB01B30066A21D /* Base */,
			);
			name = LaunchScreen.storyboard;
			sourceTree = "<group>";
		};
/* End PBXVariantGroup section */

/* Begin XCBuildConfiguration section */
		F9D091FE1FEB01B30066A21D /* Debug */ = {
			isa = XCBuildConfiguration;
			buildSettings = {
				ALWAYS_SEARCH_USER_PATHS = NO;
				CLANG_ANALYZER_NONNULL = YES;
				CLANG_ANALYZER_NUMBER_OBJECT_CONVERSION = YES_AGGRESSIVE;
				CLANG_CXX_LANGUAGE_STANDARD = "gnu++14";
				CLANG_CXX_LIBRARY = "libc++";
				CLANG_ENABLE_MODULES = YES;
				CLANG_ENABLE_OBJC_ARC = YES;
				CLANG_WARN_BLOCK_CAPTURE_AUTORELEASING = YES;
				CLANG_WARN_BOOL_CONVERSION = YES;
				CLANG_WARN_COMMA = YES;
				CLANG_WARN_CONSTANT_CONVERSION = YES;
				CLANG_WARN_DIRECT_OBJC_ISA_USAGE = YES_ERROR;
				CLANG_WARN_DOCUMENTATION_COMMENTS = YES;
				CLANG_WARN_EMPTY_BODY = YES;
				CLANG_WARN_ENUM_CONVERSION = YES;
				CLANG_WARN_INFINITE_RECURSION = YES;
				CLANG_WARN_INT_CONVERSION = YES;
				CLANG_WARN_NON_LITERAL_NULL_CONVERSION = YES;
				CLANG_WARN_OBJC_LITERAL_CONVERSION = YES;
				CLANG_WARN_OBJC_ROOT_CLASS = YES_ERROR;
				CLANG_WARN_RANGE_LOOP_ANALYSIS = YES;
				CLANG_WARN_STRICT_PROTOTYPES = YES;
				CLANG_WARN_SUSPICIOUS_MOVE = YES;
				CLANG_WARN_UNGUARDED_AVAILABILITY = YES_AGGRESSIVE;
				CLANG_WARN_UNREACHABLE_CODE = YES;
				CLANG_WARN__DUPLICATE_METHOD_MATCH = YES;
				CODE_SIGN_IDENTITY = "iPhone Developer";
				COPY_PHASE_STRIP = NO;
				DEBUG_INFORMATION_FORMAT = dwarf;
				ENABLE_STRICT_OBJC_MSGSEND = YES;
				ENABLE_TESTABILITY = YES;
				GCC_C_LANGUAGE_STANDARD = gnu11;
				GCC_DYNAMIC_NO_PIC = NO;
				GCC_NO_COMMON_BLOCKS = YES;
				GCC_OPTIMIZATION_LEVEL = 0;
				GCC_PREPROCESSOR_DEFINITIONS = (
					"DEBUG=1",
					"$(inherited)",
				);
				GCC_WARN_64_TO_32_BIT_CONVERSION = YES;
				GCC_WARN_ABOUT_RETURN_TYPE = YES_ERROR;
				GCC_WARN_UNDECLARED_SELECTOR = YES;
				GCC_WARN_UNINITIALIZED_AUTOS = YES_AGGRESSIVE;
				GCC_WARN_UNUSED_FUNCTION = YES;
				GCC_WARN_UNUSED_VARIABLE = YES;
				IPHONEOS_DEPLOYMENT_TARGET = 11.2;
				MTL_ENABLE_DEBUG_INFO = YES;
				ONLY_ACTIVE_ARCH = YES;
				SDKROOT = iphoneos;
				SWIFT_ACTIVE_COMPILATION_CONDITIONS = DEBUG;
				SWIFT_OPTIMIZATION_LEVEL = "-Onone";
			};
			name = Debug;
		};
		F9D091FF1FEB01B30066A21D /* Release */ = {
			isa = XCBuildConfiguration;
			buildSettings = {
				ALWAYS_SEARCH_USER_PATHS = NO;
				CLANG_ANALYZER_NONNULL = YES;
				CLANG_ANALYZER_NUMBER_OBJECT_CONVERSION = YES_AGGRESSIVE;
				CLANG_CXX_LANGUAGE_STANDARD = "gnu++14";
				CLANG_CXX_LIBRARY = "libc++";
				CLANG_ENABLE_MODULES = YES;
				CLANG_ENABLE_OBJC_ARC = YES;
				CLANG_WARN_BLOCK_CAPTURE_AUTORELEASING = YES;
				CLANG_WARN_BOOL_CONVERSION = YES;
				CLANG_WARN_COMMA = YES;
				CLANG_WARN_CONSTANT_CONVERSION = YES;
				CLANG_WARN_DIRECT_OBJC_ISA_USAGE = YES_ERROR;
				CLANG_WARN_DOCUMENTATION_COMMENTS = YES;
				CLANG_WARN_EMPTY_BODY = YES;
				CLANG_WARN_ENUM_CONVERSION = YES;
				CLANG_WARN_INFINITE_RECURSION = YES;
				CLANG_WARN_INT_CONVERSION = YES;
				CLANG_WARN_NON_LITERAL_NULL_CONVERSION = YES;
				CLANG_WARN_OBJC_LITERAL_CONVERSION = YES;
				CLANG_WARN_OBJC_ROOT_CLASS = YES_ERROR;
				CLANG_WARN_RANGE_LOOP_ANALYSIS = YES;
				CLANG_WARN_STRICT_PROTOTYPES = YES;
				CLANG_WARN_SUSPICIOUS_MOVE = YES;
				CLANG_WARN_UNGUARDED_AVAILABILITY = YES_AGGRESSIVE;
				CLANG_WARN_UNREACHABLE_CODE = YES;
				CLANG_WARN__DUPLICATE_METHOD_MATCH = YES;
				CODE_SIGN_IDENTITY = "iPhone Developer";
				COPY_PHASE_STRIP = NO;
				DEBUG_INFORMATION_FORMAT = "dwarf-with-dsym";
				ENABLE_NS_ASSERTIONS = NO;
				ENABLE_STRICT_OBJC_MSGSEND = YES;
				GCC_C_LANGUAGE_STANDARD = gnu11;
				GCC_NO_COMMON_BLOCKS = YES;
				GCC_WARN_64_TO_32_BIT_CONVERSION = YES;
				GCC_WARN_ABOUT_RETURN_TYPE = YES_ERROR;
				GCC_WARN_UNDECLARED_SELECTOR = YES;
				GCC_WARN_UNINITIALIZED_AUTOS = YES_AGGRESSIVE;
				GCC_WARN_UNUSED_FUNCTION = YES;
				GCC_WARN_UNUSED_VARIABLE = YES;
				IPHONEOS_DEPLOYMENT_TARGET = 11.2;
				MTL_ENABLE_DEBUG_INFO = NO;
				SDKROOT = iphoneos;
				SWIFT_OPTIMIZATION_LEVEL = "-Owholemodule";
				VALIDATE_PRODUCT = YES;
			};
			name = Release;
		};
		F9D092011FEB01B30066A21D /* Debug */ = {
			isa = XCBuildConfiguration;
			buildSettings = {
				ASSETCATALOG_COMPILER_APPICON_NAME = AppIcon;
				CODE_SIGN_STYLE = Automatic;
				DEVELOPMENT_TEAM = A3KV3V94JT;
				INFOPLIST_FILE = hippieFoodScrollView/Info.plist;
				LD_RUNPATH_SEARCH_PATHS = "$(inherited) @executable_path/Frameworks";
				PRODUCT_BUNDLE_IDENTIFIER = com.sky.hippieFoodScrollView;
				PRODUCT_NAME = "$(TARGET_NAME)";
				SWIFT_VERSION = 4.0;
				TARGETED_DEVICE_FAMILY = "1,2";
			};
			name = Debug;
		};
		F9D092021FEB01B30066A21D /* Release */ = {
			isa = XCBuildConfiguration;
			buildSettings = {
				ASSETCATALOG_COMPILER_APPICON_NAME = AppIcon;
				CODE_SIGN_STYLE = Automatic;
				DEVELOPMENT_TEAM = A3KV3V94JT;
				INFOPLIST_FILE = hippieFoodScrollView/Info.plist;
				LD_RUNPATH_SEARCH_PATHS = "$(inherited) @executable_path/Frameworks";
				PRODUCT_BUNDLE_IDENTIFIER = com.sky.hippieFoodScrollView;
				PRODUCT_NAME = "$(TARGET_NAME)";
				SWIFT_VERSION = 4.0;
				TARGETED_DEVICE_FAMILY = "1,2";
			};
			name = Release;
		};
/* End XCBuildConfiguration section */

/* Begin XCConfigurationList section */
		F9D091E91FEB01B30066A21D /* Build configuration list for PBXProject "hippieFoodScrollView" */ = {
			isa = XCConfigurationList;
			buildConfigurations = (
				F9D091FE1FEB01B30066A21D /* Debug */,
				F9D091FF1FEB01B30066A21D /* Release */,
			);
			defaultConfigurationIsVisible = 0;
			defaultConfigurationName = Release;
		};
		F9D092001FEB01B30066A21D /* Build configuration list for PBXNativeTarget "hippieFoodScrollView" */ = {
			isa = XCConfigurationList;
			buildConfigurations = (
				F9D092011FEB01B30066A21D /* Debug */,
				F9D092021FEB01B30066A21D /* Release */,
			);
			defaultConfigurationIsVisible = 0;
			defaultConfigurationName = Release;
		};
/* End XCConfigurationList section */
	};
	rootObject = F9D091E61FEB01B30066A21D /* Project object */;
}
